// !$*UTF8*$!
{
	archiveVersion = 1;
	classes = {
	};
	objectVersion = 77;
	objects = {

/* Begin PBXBuildFile section */
		0AD0F93D3194F5A3902319BF /* SettingsView.swift in Sources */ = {isa = PBXBuildFile; fileRef = AE4163CB5E78348B101C90E1 /* SettingsView.swift */; };
		13D6500D2D0A437FF631FD46 /* StatusItemController.swift in Sources */ = {isa = PBXBuildFile; fileRef = F0BC477D0217E9954EBB4A10 /* StatusItemController.swift */; };
		1AAE9134FDEF3302EE579402 /* Theme.swift in Sources */ = {isa = PBXBuildFile; fileRef = F3C072D7FDD96898AA3D0F2E /* Theme.swift */; };
		31164359FF46CE1FBF3E730F /* TrafficGraph.swift in Sources */ = {isa = PBXBuildFile; fileRef = 50205FF472DD7EBD067D5E61 /* TrafficGraph.swift */; };
		31B84E02B118E098B0BF828F /* AppIcon.icns in Resources */ = {isa = PBXBuildFile; fileRef = A004F7265910D2DCF5CE3E5E /* AppIcon.icns */; };
		46D8A3CDE8502B6B65D64421 /* Format.swift in Sources */ = {isa = PBXBuildFile; fileRef = E9BB8534359FD1BD21B4D659 /* Format.swift */; };
		50AE417BFD45FC844A881CB8 /* TrafficMonitor.swift in Sources */ = {isa = PBXBuildFile; fileRef = 0606315A8A41CC6C977760F9 /* TrafficMonitor.swift */; };
		AF70D9900819D40AA8BBF755 /* MenuBarView.swift in Sources */ = {isa = PBXBuildFile; fileRef = EFA85900259CAE1A7C88D491 /* MenuBarView.swift */; };
		DAD1C0DB78E81FE44DD7805A /* LoginItemManager.swift in Sources */ = {isa = PBXBuildFile; fileRef = 089C3A3228C343B35BE39862 /* LoginItemManager.swift */; };
		F5FE5F500B0F58E6600686BF /* DesignSystem.swift in Sources */ = {isa = PBXBuildFile; fileRef = D5021976069AC6059F82FB31 /* DesignSystem.swift */; };
		FB9797FE2940D668F6E4CEA3 /* App.swift in Sources */ = {isa = PBXBuildFile; fileRef = 05DFEFE5ABA213153423561B /* App.swift */; };
/* End PBXBuildFile section */

/* Begin PBXFileReference section */
		05DFEFE5ABA213153423561B /* App.swift */ = {isa = PBXFileReference; lastKnownFileType = sourcecode.swift; path = App.swift; sourceTree = "<group>"; };
		0606315A8A41CC6C977760F9 /* TrafficMonitor.swift */ = {isa = PBXFileReference; lastKnownFileType = sourcecode.swift; path = TrafficMonitor.swift; sourceTree = "<group>"; };
		089C3A3228C343B35BE39862 /* LoginItemManager.swift */ = {isa = PBXFileReference; lastKnownFileType = sourcecode.swift; path = LoginItemManager.swift; sourceTree = "<group>"; };
		50205FF472DD7EBD067D5E61 /* TrafficGraph.swift */ = {isa = PBXFileReference; lastKnownFileType = sourcecode.swift; path = TrafficGraph.swift; sourceTree = "<group>"; };
		5929B223B5323F16FAAF63FF /* NetHUD.app */ = {isa = PBXFileReference; explicitFileType = wrapper.application; includeInIndex = 0; path = NetHUD.app; sourceTree = BUILT_PRODUCTS_DIR; };
		A004F7265910D2DCF5CE3E5E /* AppIcon.icns */ = {isa = PBXFileReference; lastKnownFileType = image.icns; path = AppIcon.icns; sourceTree = "<group>"; };
		AE4163CB5E78348B101C90E1 /* SettingsView.swift */ = {isa = PBXFileReference; lastKnownFileType = sourcecode.swift; path = SettingsView.swift; sourceTree = "<group>"; };
		D5021976069AC6059F82FB31 /* DesignSystem.swift */ = {isa = PBXFileReference; lastKnownFileType = sourcecode.swift; path = DesignSystem.swift; sourceTree = "<group>"; };
		E9BB8534359FD1BD21B4D659 /* Format.swift */ = {isa = PBXFileReference; lastKnownFileType = sourcecode.swift; path = Format.swift; sourceTree = "<group>"; };
		EFA85900259CAE1A7C88D491 /* MenuBarView.swift */ = {isa = PBXFileReference; lastKnownFileType = sourcecode.swift; path = MenuBarView.swift; sourceTree = "<group>"; };
		F0BC477D0217E9954EBB4A10 /* StatusItemController.swift */ = {isa = PBXFileReference; lastKnownFileType = sourcecode.swift; path = StatusItemController.swift; sourceTree = "<group>"; };
		F3C072D7FDD96898AA3D0F2E /* Theme.swift */ = {isa = PBXFileReference; lastKnownFileType = sourcecode.swift; path = Theme.swift; sourceTree = "<group>"; };
/* End PBXFileReference section */

/* Begin PBXGroup section */
		141C1882B425F65FD4879366 = {
			isa = PBXGroup;
			children = (
				7A47951E89E7C4FB6601AED2 /* NetHUD */,
				39843022D3EAF899683B1199 /* Products */,
			);
			sourceTree = "<group>";
		};
		21DD750724345E5CA0D28F76 /* Sources */ = {
			isa = PBXGroup;
			children = (
				05DFEFE5ABA213153423561B /* App.swift */,
				D5021976069AC6059F82FB31 /* DesignSystem.swift */,
				E9BB8534359FD1BD21B4D659 /* Format.swift */,
				089C3A3228C343B35BE39862 /* LoginItemManager.swift */,
				EFA85900259CAE1A7C88D491 /* MenuBarView.swift */,
				AE4163CB5E78348B101C90E1 /* SettingsView.swift */,
				F0BC477D0217E9954EBB4A10 /* StatusItemController.swift */,
				F3C072D7FDD96898AA3D0F2E /* Theme.swift */,
				50205FF472DD7EBD067D5E61 /* TrafficGraph.swift */,
				0606315A8A41CC6C977760F9 /* TrafficMonitor.swift */,
			);
			path = Sources;
			sourceTree = "<group>";
		};
		39843022D3EAF899683B1199 /* Products */ = {
			isa = PBXGroup;
			children = (
				5929B223B5323F16FAAF63FF /* NetHUD.app */,
			);
			name = Products;
			sourceTree = "<group>";
		};
		7A47951E89E7C4FB6601AED2 /* NetHUD */ = {
			isa = PBXGroup;
			children = (
				7FC5598AB22BC0DB44FD1329 /* Resources */,
				21DD750724345E5CA0D28F76 /* Sources */,
			);
			path = NetHUD;
			sourceTree = "<group>";
		};
		7FC5598AB22BC0DB44FD1329 /* Resources */ = {
			isa = PBXGroup;
			children = (
				A004F7265910D2DCF5CE3E5E /* AppIcon.icns */,
			);
			path = Resources;
			sourceTree = "<group>";
		};
/* End PBXGroup section */

/* Begin PBXNativeTarget section */
		7346F917E06D60867AFE35CA /* NetHUD */ = {
			isa = PBXNativeTarget;
			buildConfigurationList = E4042482FCFF262875764732 /* Build configuration list for PBXNativeTarget "NetHUD" */;
			buildPhases = (
				ED91AF7E20B303F3784FA624 /* Sources */,
				FCCCA62150A407A6D67B8B26 /* Resources */,
			);
			buildRules = (
			);
			dependencies = (
			);
			name = NetHUD;
			packageProductDependencies = (
			);
			productName = NetHUD;
			productReference = 5929B223B5323F16FAAF63FF /* NetHUD.app */;
			productType = "com.apple.product-type.application";
		};
/* End PBXNativeTarget section */

/* Begin PBXProject section */
		CA540CFF77AC1E79C5470630 /* Project object */ = {
			isa = PBXProject;
			attributes = {
				BuildIndependentTargetsInParallel = YES;
				LastUpgradeCheck = 1430;
				TargetAttributes = {
				};
			};
			buildConfigurationList = EC592F091202CC313F888F2C /* Build configuration list for PBXProject "NetHUD" */;
			developmentRegion = en;
			hasScannedForEncodings = 0;
			knownRegions = (
				Base,
				en,
			);
			mainGroup = 141C1882B425F65FD4879366;
			minimizedProjectReferenceProxies = 1;
			preferredProjectObjectVersion = 77;
			productRefGroup = 39843022D3EAF899683B1199 /* Products */;
			projectDirPath = "";
			projectRoot = "";
			targets = (
				7346F917E06D60867AFE35CA /* NetHUD */,
			);
		};
/* End PBXProject section */

/* Begin PBXResourcesBuildPhase section */
		FCCCA62150A407A6D67B8B26 /* Resources */ = {
			isa = PBXResourcesBuildPhase;
			buildActionMask = 2147483647;
			files = (
				31B84E02B118E098B0BF828F /* AppIcon.icns in Resources */,
			);
			runOnlyForDeploymentPostprocessing = 0;
		};
/* End PBXResourcesBuildPhase section */

/* Begin PBXSourcesBuildPhase section */
		ED91AF7E20B303F3784FA624 /* Sources */ = {
			isa = PBXSourcesBuildPhase;
			buildActionMask = 2147483647;
			files = (
				FB9797FE2940D668F6E4CEA3 /* App.swift in Sources */,
				F5FE5F500B0F58E6600686BF /* DesignSystem.swift in Sources */,
				46D8A3CDE8502B6B65D64421 /* Format.swift in Sources */,
				DAD1C0DB78E81FE44DD7805A /* LoginItemManager.swift in Sources */,
				AF70D9900819D40AA8BBF755 /* MenuBarView.swift in Sources */,
				0AD0F93D3194F5A3902319BF /* SettingsView.swift in Sources */,
				13D6500D2D0A437FF631FD46 /* StatusItemController.swift in Sources */,
				1AAE9134FDEF3302EE579402 /* Theme.swift in Sources */,
				31164359FF46CE1FBF3E730F /* TrafficGraph.swift in Sources */,
				50AE417BFD45FC844A881CB8 /* TrafficMonitor.swift in Sources */,
			);
			runOnlyForDeploymentPostprocessing = 0;
		};
/* End PBXSourcesBuildPhase section */

/* Begin XCBuildConfiguration section */
		192FE1DCF402B7E2C09DF2D4 /* Release */ = {
			isa = XCBuildConfiguration;
			buildSettings = {
				ALWAYS_SEARCH_USER_PATHS = NO;
				CLANG_ANALYZER_NONNULL = YES;
				CLANG_ANALYZER_NUMBER_OBJECT_CONVERSION = YES_AGGRESSIVE;
				CLANG_CXX_LANGUAGE_STANDARD = "gnu++14";
				CLANG_CXX_LIBRARY = "libc++";
				CLANG_ENABLE_MODULES = YES;
				CLANG_ENABLE_OBJC_ARC = YES;
				CLANG_ENABLE_OBJC_WEAK = YES;
				CLANG_WARN_BLOCK_CAPTURE_AUTORELEASING = YES;
				CLANG_WARN_BOOL_CONVERSION = YES;
				CLANG_WARN_COMMA = YES;
				CLANG_WARN_CONSTANT_CONVERSION = YES;
				CLANG_WARN_DEPRECATED_OBJC_IMPLEMENTATIONS = YES;
				CLANG_WARN_DIRECT_OBJC_ISA_USAGE = YES_ERROR;
				CLANG_WARN_DOCUMENTATION_COMMENTS = YES;
				CLANG_WARN_EMPTY_BODY = YES;
				CLANG_WARN_ENUM_CONVERSION = YES;
				CLANG_WARN_INFINITE_RECURSION = YES;
				CLANG_WARN_INT_CONVERSION = YES;
				CLANG_WARN_NON_LITERAL_NULL_CONVERSION = YES;
				CLANG_WARN_OBJC_IMPLICIT_RETAIN_SELF = YES;
				CLANG_WARN_OBJC_LITERAL_CONVERSION = YES;
				CLANG_WARN_OBJC_ROOT_CLASS = YES_ERROR;
				CLANG_WARN_QUOTED_INCLUDE_IN_FRAMEWORK_HEADER = YES;
				CLANG_WARN_RANGE_LOOP_ANALYSIS = YES;
				CLANG_WARN_STRICT_PROTOTYPES = YES;
				CLANG_WARN_SUSPICIOUS_MOVE = YES;
				CLANG_WARN_UNGUARDED_AVAILABILITY = YES_AGGRESSIVE;
				CLANG_WARN_UNREACHABLE_CODE = YES;
				CLANG_WARN__DUPLICATE_METHOD_MATCH = YES;
				CODE_SIGN_IDENTITY = "-";
				COPY_PHASE_STRIP = NO;
				DEBUG_INFORMATION_FORMAT = "dwarf-with-dsym";
				ENABLE_HARDENED_RUNTIME = NO;
				ENABLE_NS_ASSERTIONS = NO;
				ENABLE_STRICT_OBJC_MSGSEND = YES;
				GCC_C_LANGUAGE_STANDARD = gnu11;
				GCC_NO_COMMON_BLOCKS = YES;
				GCC_WARN_64_TO_32_BIT_CONVERSION = YES;
				GCC_WARN_ABOUT_RETURN_TYPE = YES_ERROR;
				GCC_WARN_UNDECLARED_SELECTOR = YES;
				GCC_WARN_UNINITIALIZED_AUTOS = YES_AGGRESSIVE;
				GCC_WARN_UNUSED_FUNCTION = YES;
				GCC_WARN_UNUSED_VARIABLE = YES;
				MACOSX_DEPLOYMENT_TARGET = 13.0;
				MTL_ENABLE_DEBUG_INFO = NO;
				MTL_FAST_MATH = YES;
				PRODUCT_NAME = "$(TARGET_NAME)";
				SDKROOT = macosx;
				SWIFT_COMPILATION_MODE = wholemodule;
				SWIFT_OPTIMIZATION_LEVEL = "-O";
				SWIFT_VERSION = 5.9;
			};
			name = Release;
		};
		8EC4C83C4438D3C5B6A8EBA2 /* Release */ = {
			isa = XCBuildConfiguration;
			buildSettings = {
				ASSETCATALOG_COMPILER_APPICON_NAME = AppIcon;
				COMBINE_HIDPI_IMAGES = YES;
				CURRENT_PROJECT_VERSION = 2;
				INFOPLIST_FILE = NetHUD/Info.plist;
				LD_RUNPATH_SEARCH_PATHS = (
					"$(inherited)",
					"@executable_path/../Frameworks",
				);
				MARKETING_VERSION = 2.0.0;
				PRODUCT_BUNDLE_IDENTIFIER = personal.hamza.nethud;
				PRODUCT_NAME = NetHUD;
				SDKROOT = macosx;
			};
			name = Release;
		};
		8F46DF34C3C573EEFD43F70A /* Debug */ = {
			isa = XCBuildConfiguration;
			buildSettings = {
				ALWAYS_SEARCH_USER_PATHS = NO;
				CLANG_ANALYZER_NONNULL = YES;
				CLANG_ANALYZER_NUMBER_OBJECT_CONVERSION = YES_AGGRESSIVE;
				CLANG_CXX_LANGUAGE_STANDARD = "gnu++14";
				CLANG_CXX_LIBRARY = "libc++";
				CLANG_ENABLE_MODULES = YES;
				CLANG_ENABLE_OBJC_ARC = YES;
				CLANG_ENABLE_OBJC_WEAK = YES;
				CLANG_WARN_BLOCK_CAPTURE_AUTORELEASING = YES;
				CLANG_WARN_BOOL_CONVERSION = YES;
				CLANG_WARN_COMMA = YES;
				CLANG_WARN_CONSTANT_CONVERSION = YES;
				CLANG_WARN_DEPRECATED_OBJC_IMPLEMENTATIONS = YES;
				CLANG_WARN_DIRECT_OBJC_ISA_USAGE = YES_ERROR;
				CLANG_WARN_DOCUMENTATION_COMMENTS = YES;
				CLANG_WARN_EMPTY_BODY = YES;
				CLANG_WARN_ENUM_CONVERSION = YES;
				CLANG_WARN_INFINITE_RECURSION = YES;
				CLANG_WARN_INT_CONVERSION = YES;
				CLANG_WARN_NON_LITERAL_NULL_CONVERSION = YES;
				CLANG_WARN_OBJC_IMPLICIT_RETAIN_SELF = YES;
				CLANG_WARN_OBJC_LITERAL_CONVERSION = YES;
				CLANG_WARN_OBJC_ROOT_CLASS = YES_ERROR;
				CLANG_WARN_QUOTED_INCLUDE_IN_FRAMEWORK_HEADER = YES;
				CLANG_WARN_RANGE_LOOP_ANALYSIS = YES;
				CLANG_WARN_STRICT_PROTOTYPES = YES;
				CLANG_WARN_SUSPICIOUS_MOVE = YES;
				CLANG_WARN_UNGUARDED_AVAILABILITY = YES_AGGRESSIVE;
				CLANG_WARN_UNREACHABLE_CODE = YES;
				CLANG_WARN__DUPLICATE_METHOD_MATCH = YES;
				CODE_SIGN_IDENTITY = "-";
				COPY_PHASE_STRIP = NO;
				DEBUG_INFORMATION_FORMAT = dwarf;
				ENABLE_HARDENED_RUNTIME = NO;
				ENABLE_STRICT_OBJC_MSGSEND = YES;
				ENABLE_TESTABILITY = YES;
				GCC_C_LANGUAGE_STANDARD = gnu11;
				GCC_DYNAMIC_NO_PIC = NO;
				GCC_NO_COMMON_BLOCKS = YES;
				GCC_OPTIMIZATION_LEVEL = 0;
				GCC_PREPROCESSOR_DEFINITIONS = (
					"$(inherited)",
					"DEBUG=1",
				);
				GCC_WARN_64_TO_32_BIT_CONVERSION = YES;
				GCC_WARN_ABOUT_RETURN_TYPE = YES_ERROR;
				GCC_WARN_UNDECLARED_SELECTOR = YES;
				GCC_WARN_UNINITIALIZED_AUTOS = YES_AGGRESSIVE;
				GCC_WARN_UNUSED_FUNCTION = YES;
				GCC_WARN_UNUSED_VARIABLE = YES;
				MACOSX_DEPLOYMENT_TARGET = 13.0;
				MTL_ENABLE_DEBUG_INFO = INCLUDE_SOURCE;
				MTL_FAST_MATH = YES;
				ONLY_ACTIVE_ARCH = YES;
				PRODUCT_NAME = "$(TARGET_NAME)";
				SDKROOT = macosx;
				SWIFT_ACTIVE_COMPILATION_CONDITIONS = DEBUG;
				SWIFT_OPTIMIZATION_LEVEL = "-Onone";
				SWIFT_VERSION = 5.9;
			};
			name = Debug;
		};
		980E6C8DEA7FBD8C4C2AE0AE /* Debug */ = {
			isa = XCBuildConfiguration;
			buildSettings = {
				ASSETCATALOG_COMPILER_APPICON_NAME = AppIcon;
				COMBINE_HIDPI_IMAGES = YES;
				CURRENT_PROJECT_VERSION = 2;
				INFOPLIST_FILE = NetHUD/Info.plist;
				LD_RUNPATH_SEARCH_PATHS = (
					"$(inherited)",
					"@executable_path/../Frameworks",
				);
				MARKETING_VERSION = 2.0.0;
				PRODUCT_BUNDLE_IDENTIFIER = personal.hamza.nethud;
				PRODUCT_NAME = NetHUD;
				SDKROOT = macosx;
			};
			name = Debug;
		};
/* End XCBuildConfiguration section */

/* Begin XCConfigurationList section */
		E4042482FCFF262875764732 /* Build configuration list for PBXNativeTarget "NetHUD" */ = {
			isa = XCConfigurationList;
			buildConfigurations = (
				980E6C8DEA7FBD8C4C2AE0AE /* Debug */,
				8EC4C83C4438D3C5B6A8EBA2 /* Release */,
			);
			defaultConfigurationIsVisible = 0;
			defaultConfigurationName = Debug;
		};
		EC592F091202CC313F888F2C /* Build configuration list for PBXProject "NetHUD" */ = {
			isa = XCConfigurationList;
			buildConfigurations = (
				8F46DF34C3C573EEFD43F70A /* Debug */,
				192FE1DCF402B7E2C09DF2D4 /* Release */,
			);
			defaultConfigurationIsVisible = 0;
			defaultConfigurationName = Debug;
		};
/* End XCConfigurationList section */
	};
	rootObject = CA540CFF77AC1E79C5470630 /* Project object */;
}
